PODS:
  - FBAEMKit (18.0.0):
    - FBSDKCoreKit_Basics (= 18.0.0)
  - FBSDKCoreKit (18.0.0):
    - FBAEMKit (= 18.0.0)
    - FBSDKCoreKit_Basics (= 18.0.0)
  - FBSDKCoreKit_Basics (18.0.0)
  - Kingfisher (8.3.2)

DEPENDENCIES:
  - FBSDKCoreKit (~> 18.0.0)
  - Kingfisher (~> 8.0)

SPEC REPOS:
  trunk:
    - FBAEMKit
    - FBSDKCoreKit
    - FBSDKCoreKit_Basics
    - Kingfisher

SPEC CHECKSUMS:
  FBAEMKit: e34530df538b8eb8aeb53c35867715ba6c63ef0c
  FBSDKCoreKit: d3f479a69127acebb1c6aad91c1a33907bcf6c2f
  FBSDKCoreKit_Basics: 017b6dc2a1862024815a8229e75661e627ac1e29
  Kingfisher: 0621d0ac0c78fecb19f6dc5303bde2b52abaf2f5

PODFILE CHECKSUM: de23d8f28059776473628e3dafd4dd7c56b2b6d2

COCOAPODS: 1.15.2
